
Microsoft Visual Studio Solution File, Format Version 12.00
Project("{FAE04EC0-301F-11D3-BF4B-00C04F79EFBC}") = "HOSKYSWAP.UI.WASM", "HOSKYSWAP.UI.WASM\HOSKYSWAP.UI.WASM.csproj", "{EE544166-72DF-4D9E-BE63-5762EDF7E88F}"
EndProject
Project("{FAE04EC0-301F-11D3-BF4B-00C04F79EFBC}") = "HOSKYSWAP.Common", "HOSKYSWAP.Common\HOSKYSWAP.Common.csproj", "{F161043B-21D9-495A-A709-EB12513C0442}"
EndProject
Global
	GlobalSection(SolutionConfigurationPlatforms) = preSolution
		Debug|Any CPU = Debug|Any CPU
		Release|Any CPU = Release|Any CPU
	EndGlobalSection
	GlobalSection(ProjectConfigurationPlatforms) = postSolution
		{EE544166-72DF-4D9E-BE63-5762EDF7E88F}.Debug|Any CPU.ActiveCfg = Debug|Any CPU
		{EE544166-72DF-4D9E-BE63-5762EDF7E88F}.Debug|Any CPU.Build.0 = Debug|Any CPU
		{EE544166-72DF-4D9E-BE63-5762EDF7E88F}.Release|Any CPU.ActiveCfg = Release|Any CPU
		{EE544166-72DF-4D9E-BE63-5762EDF7E88F}.Release|Any CPU.Build.0 = Release|Any CPU
		{F161043B-21D9-495A-A709-EB12513C0442}.Debug|Any CPU.ActiveCfg = Debug|Any CPU
		{F161043B-21D9-495A-A709-EB12513C0442}.Debug|Any CPU.Build.0 = Debug|Any CPU
		{F161043B-21D9-495A-A709-EB12513C0442}.Release|Any CPU.ActiveCfg = Release|Any CPU
		{F161043B-21D9-495A-A709-EB12513C0442}.Release|Any CPU.Build.0 = Release|Any CPU
	EndGlobalSection
EndGlobal
